// !$*UTF8*$!
{
	archiveVersion = 1;
	classes = {
	};
	objectVersion = 56;
	objects = {

/* Begin PBXBuildFile section */
		4D058C3729A75F4600DD96F1 /* AppDelegate.swift in Sources */ = {isa = PBXBuildFile; fileRef = 4D058C3629A75F4600DD96F1 /* AppDelegate.swift */; };
		4D058C3929A75F4600DD96F1 /* SceneDelegate.swift in Sources */ = {isa = PBXBuildFile; fileRef = 4D058C3829A75F4600DD96F1 /* SceneDelegate.swift */; };
		4D058C3B29A75F4600DD96F1 /* FirstScreen.swift in Sources */ = {isa = PBXBuildFile; fileRef = 4D058C3A29A75F4600DD96F1 /* FirstScreen.swift */; };
		4D058C4029A75F4600DD96F1 /* Assets.xcassets in Resources */ = {isa = PBXBuildFile; fileRef = 4D058C3F29A75F4600DD96F1 /* Assets.xcassets */; };
		4D058C4329A75F4600DD96F1 /* LaunchScreen.storyboard in Resources */ = {isa = PBXBuildFile; fileRef = 4D058C4129A75F4600DD96F1 /* LaunchScreen.storyboard */; };
		4D058C4B29A7697900DD96F1 /* RegistrationScreen.swift in Sources */ = {isa = PBXBuildFile; fileRef = 4D058C4A29A7697900DD96F1 /* RegistrationScreen.swift */; };
		4D65052529AC7687003CFD55 /* MainScreen.swift in Sources */ = {isa = PBXBuildFile; fileRef = 4D65052429AC7687003CFD55 /* MainScreen.swift */; };
		4D962AC129AA1D5900E14782 /* MiddleTittle.swift in Sources */ = {isa = PBXBuildFile; fileRef = 4D962AC029AA1D5900E14782 /* MiddleTittle.swift */; };
		4D962AC329AA295A00E14782 /* BottomLabel.swift in Sources */ = {isa = PBXBuildFile; fileRef = 4D962AC229AA295A00E14782 /* BottomLabel.swift */; };
		4D962AC529AA372D00E14782 /* LoginScreen.swift in Sources */ = {isa = PBXBuildFile; fileRef = 4D962AC429AA372D00E14782 /* LoginScreen.swift */; };
		4D962AC729AA896D00E14782 /* BottomButton.swift in Sources */ = {isa = PBXBuildFile; fileRef = 4D962AC629AA896D00E14782 /* BottomButton.swift */; };
		4D962AC929AA8F6C00E14782 /* TexFieldView.swift in Sources */ = {isa = PBXBuildFile; fileRef = 4D962AC829AA8F6C00E14782 /* TexFieldView.swift */; };
		4DE6F0CB29A8AC21000F62F7 /* TopView.swift in Sources */ = {isa = PBXBuildFile; fileRef = 4DE6F0CA29A8AC21000F62F7 /* TopView.swift */; };
		4DEDCA2129AD2B9A009DEB77 /* ErrorToast.swift in Sources */ = {isa = PBXBuildFile; fileRef = 4DEDCA2029AD2B9A009DEB77 /* ErrorToast.swift */; };
		4DEDCA2329ADCDEA009DEB77 /* MainTopView.swift in Sources */ = {isa = PBXBuildFile; fileRef = 4DEDCA2229ADCDEA009DEB77 /* MainTopView.swift */; };
		4DEDCA2529ADE8EB009DEB77 /* GoogleService-Info.plist in Resources */ = {isa = PBXBuildFile; fileRef = 4DEDCA2429ADE8EB009DEB77 /* GoogleService-Info.plist */; };
		872DB7696CDA5886BFA5446F /* Pods_UiWithCode.framework in Frameworks */ = {isa = PBXBuildFile; fileRef = B0EB2C7B8B61285A538E3A0F /* Pods_UiWithCode.framework */; };
/* End PBXBuildFile section */

/* Begin PBXFileReference section */
		3CC23719324163A9F95930D7 /* Pods-UiWithCode.debug.xcconfig */ = {isa = PBXFileReference; includeInIndex = 1; lastKnownFileType = text.xcconfig; name = "Pods-UiWithCode.debug.xcconfig"; path = "Target Support Files/Pods-UiWithCode/Pods-UiWithCode.debug.xcconfig"; sourceTree = "<group>"; };
		4D058C3329A75F4600DD96F1 /* UiWithCode.app */ = {isa = PBXFileReference; explicitFileType = wrapper.application; includeInIndex = 0; path = UiWithCode.app; sourceTree = BUILT_PRODUCTS_DIR; };
		4D058C3629A75F4600DD96F1 /* AppDelegate.swift */ = {isa = PBXFileReference; lastKnownFileType = sourcecode.swift; path = AppDelegate.swift; sourceTree = "<group>"; };
		4D058C3829A75F4600DD96F1 /* SceneDelegate.swift */ = {isa = PBXFileReference; lastKnownFileType = sourcecode.swift; path = SceneDelegate.swift; sourceTree = "<group>"; };
		4D058C3A29A75F4600DD96F1 /* FirstScreen.swift */ = {isa = PBXFileReference; lastKnownFileType = sourcecode.swift; path = FirstScreen.swift; sourceTree = "<group>"; };
		4D058C3F29A75F4600DD96F1 /* Assets.xcassets */ = {isa = PBXFileReference; lastKnownFileType = folder.assetcatalog; path = Assets.xcassets; sourceTree = "<group>"; };
		4D058C4229A75F4600DD96F1 /* Base */ = {isa = PBXFileReference; lastKnownFileType = file.storyboard; name = Base; path = Base.lproj/LaunchScreen.storyboard; sourceTree = "<group>"; };
		4D058C4429A75F4600DD96F1 /* Info.plist */ = {isa = PBXFileReference; lastKnownFileType = text.plist.xml; path = Info.plist; sourceTree = "<group>"; };
		4D058C4A29A7697900DD96F1 /* RegistrationScreen.swift */ = {isa = PBXFileReference; lastKnownFileType = sourcecode.swift; path = RegistrationScreen.swift; sourceTree = "<group>"; };
		4D65052429AC7687003CFD55 /* MainScreen.swift */ = {isa = PBXFileReference; lastKnownFileType = sourcecode.swift; path = MainScreen.swift; sourceTree = "<group>"; };
		4D962AC029AA1D5900E14782 /* MiddleTittle.swift */ = {isa = PBXFileReference; lastKnownFileType = sourcecode.swift; path = MiddleTittle.swift; sourceTree = "<group>"; };
		4D962AC229AA295A00E14782 /* BottomLabel.swift */ = {isa = PBXFileReference; lastKnownFileType = sourcecode.swift; path = BottomLabel.swift; sourceTree = "<group>"; };
		4D962AC429AA372D00E14782 /* LoginScreen.swift */ = {isa = PBXFileReference; lastKnownFileType = sourcecode.swift; path = LoginScreen.swift; sourceTree = "<group>"; };
		4D962AC629AA896D00E14782 /* BottomButton.swift */ = {isa = PBXFileReference; lastKnownFileType = sourcecode.swift; path = BottomButton.swift; sourceTree = "<group>"; };
		4D962AC829AA8F6C00E14782 /* TexFieldView.swift */ = {isa = PBXFileReference; lastKnownFileType = sourcecode.swift; path = TexFieldView.swift; sourceTree = "<group>"; };
		4DE6F0CA29A8AC21000F62F7 /* TopView.swift */ = {isa = PBXFileReference; lastKnownFileType = sourcecode.swift; path = TopView.swift; sourceTree = "<group>"; };
		4DEDCA2029AD2B9A009DEB77 /* ErrorToast.swift */ = {isa = PBXFileReference; lastKnownFileType = sourcecode.swift; path = ErrorToast.swift; sourceTree = "<group>"; };
		4DEDCA2229ADCDEA009DEB77 /* MainTopView.swift */ = {isa = PBXFileReference; lastKnownFileType = sourcecode.swift; name = MainTopView.swift; path = /Users/nikitakuchumov/Desktop/development/UiWithCode/UiWithCode/MainTopView.swift; sourceTree = "<absolute>"; };
		4DEDCA2429ADE8EB009DEB77 /* GoogleService-Info.plist */ = {isa = PBXFileReference; fileEncoding = 4; lastKnownFileType = text.plist.xml; path = "GoogleService-Info.plist"; sourceTree = "<group>"; };
		63ED49E16D2E836220A53884 /* Pods-UiWithCode.release.xcconfig */ = {isa = PBXFileReference; includeInIndex = 1; lastKnownFileType = text.xcconfig; name = "Pods-UiWithCode.release.xcconfig"; path = "Target Support Files/Pods-UiWithCode/Pods-UiWithCode.release.xcconfig"; sourceTree = "<group>"; };
		B0EB2C7B8B61285A538E3A0F /* Pods_UiWithCode.framework */ = {isa = PBXFileReference; explicitFileType = wrapper.framework; includeInIndex = 0; path = Pods_UiWithCode.framework; sourceTree = BUILT_PRODUCTS_DIR; };
/* End PBXFileReference section */

/* Begin PBXFrameworksBuildPhase section */
		4D058C3029A75F4600DD96F1 /* Frameworks */ = {
			isa = PBXFrameworksBuildPhase;
			buildActionMask = 2147483647;
			files = (
				872DB7696CDA5886BFA5446F /* Pods_UiWithCode.framework in Frameworks */,
			);
			runOnlyForDeploymentPostprocessing = 0;
		};
/* End PBXFrameworksBuildPhase section */

/* Begin PBXGroup section */
		0DD4365F95335846C178A32F /* Pods */ = {
			isa = PBXGroup;
			children = (
				3CC23719324163A9F95930D7 /* Pods-UiWithCode.debug.xcconfig */,
				63ED49E16D2E836220A53884 /* Pods-UiWithCode.release.xcconfig */,
			);
			path = Pods;
			sourceTree = "<group>";
		};
		4700D0CCD7E979CFABF45D2E /* Frameworks */ = {
			isa = PBXGroup;
			children = (
				B0EB2C7B8B61285A538E3A0F /* Pods_UiWithCode.framework */,
			);
			name = Frameworks;
			sourceTree = "<group>";
		};
		4D058C2A29A75F4500DD96F1 = {
			isa = PBXGroup;
			children = (
				4D058C3529A75F4600DD96F1 /* UiWithCode */,
				4D058C3429A75F4600DD96F1 /* Products */,
				0DD4365F95335846C178A32F /* Pods */,
				4700D0CCD7E979CFABF45D2E /* Frameworks */,
			);
			sourceTree = "<group>";
		};
		4D058C3429A75F4600DD96F1 /* Products */ = {
			isa = PBXGroup;
			children = (
				4D058C3329A75F4600DD96F1 /* UiWithCode.app */,
			);
			name = Products;
			sourceTree = "<group>";
		};
		4D058C3529A75F4600DD96F1 /* UiWithCode */ = {
			isa = PBXGroup;
			children = (
				4D058C3629A75F4600DD96F1 /* AppDelegate.swift */,
				4D058C3829A75F4600DD96F1 /* SceneDelegate.swift */,
				4D058C3A29A75F4600DD96F1 /* FirstScreen.swift */,
				4D058C4A29A7697900DD96F1 /* RegistrationScreen.swift */,
				4D962AC429AA372D00E14782 /* LoginScreen.swift */,
				4D65052429AC7687003CFD55 /* MainScreen.swift */,
				4DE6F0CA29A8AC21000F62F7 /* TopView.swift */,
				4DEDCA2229ADCDEA009DEB77 /* MainTopView.swift */,
				4D962AC029AA1D5900E14782 /* MiddleTittle.swift */,
				4D962AC229AA295A00E14782 /* BottomLabel.swift */,
				4D962AC629AA896D00E14782 /* BottomButton.swift */,
				4D962AC829AA8F6C00E14782 /* TexFieldView.swift */,
				4DEDCA2029AD2B9A009DEB77 /* ErrorToast.swift */,
				4D058C3F29A75F4600DD96F1 /* Assets.xcassets */,
				4DEDCA2429ADE8EB009DEB77 /* GoogleService-Info.plist */,
				4D058C4129A75F4600DD96F1 /* LaunchScreen.storyboard */,
				4D058C4429A75F4600DD96F1 /* Info.plist */,
			);
			path = UiWithCode;
			sourceTree = "<group>";
		};
/* End PBXGroup section */

/* Begin PBXNativeTarget section */
		4D058C3229A75F4600DD96F1 /* UiWithCode */ = {
			isa = PBXNativeTarget;
			buildConfigurationList = 4D058C4729A75F4600DD96F1 /* Build configuration list for PBXNativeTarget "UiWithCode" */;
			buildPhases = (
				FC8E5380D3169AFCA763227E /* [CP] Check Pods Manifest.lock */,
				4D058C2F29A75F4600DD96F1 /* Sources */,
				4D058C3029A75F4600DD96F1 /* Frameworks */,
				4D058C3129A75F4600DD96F1 /* Resources */,
				93D66437353A40D7F3C234E8 /* [CP] Embed Pods Frameworks */,
			);
			buildRules = (
			);
			dependencies = (
			);
			name = UiWithCode;
			productName = UiWithCode;
			productReference = 4D058C3329A75F4600DD96F1 /* UiWithCode.app */;
			productType = "com.apple.product-type.application";
		};
/* End PBXNativeTarget section */

/* Begin PBXProject section */
		4D058C2B29A75F4500DD96F1 /* Project object */ = {
			isa = PBXProject;
			attributes = {
				BuildIndependentTargetsInParallel = 1;
				LastSwiftUpdateCheck = 1410;
				LastUpgradeCheck = 1410;
				TargetAttributes = {
					4D058C3229A75F4600DD96F1 = {
						CreatedOnToolsVersion = 14.1;
					};
				};
			};
			buildConfigurationList = 4D058C2E29A75F4500DD96F1 /* Build configuration list for PBXProject "UiWithCode" */;
			compatibilityVersion = "Xcode 14.0";
			developmentRegion = en;
			hasScannedForEncodings = 0;
			knownRegions = (
				en,
				Base,
			);
			mainGroup = 4D058C2A29A75F4500DD96F1;
			productRefGroup = 4D058C3429A75F4600DD96F1 /* Products */;
			projectDirPath = "";
			projectRoot = "";
			targets = (
				4D058C3229A75F4600DD96F1 /* UiWithCode */,
			);
		};
/* End PBXProject section */

/* Begin PBXResourcesBuildPhase section */
		4D058C3129A75F4600DD96F1 /* Resources */ = {
			isa = PBXResourcesBuildPhase;
			buildActionMask = 2147483647;
			files = (
				4D058C4329A75F4600DD96F1 /* LaunchScreen.storyboard in Resources */,
				4D058C4029A75F4600DD96F1 /* Assets.xcassets in Resources */,
				4DEDCA2529ADE8EB009DEB77 /* GoogleService-Info.plist in Resources */,
			);
			runOnlyForDeploymentPostprocessing = 0;
		};
/* End PBXResourcesBuildPhase section */

/* Begin PBXShellScriptBuildPhase section */
		93D66437353A40D7F3C234E8 /* [CP] Embed Pods Frameworks */ = {
			isa = PBXShellScriptBuildPhase;
			buildActionMask = 2147483647;
			files = (
			);
			inputFileListPaths = (
				"${PODS_ROOT}/Target Support Files/Pods-UiWithCode/Pods-UiWithCode-frameworks-${CONFIGURATION}-input-files.xcfilelist",
			);
			name = "[CP] Embed Pods Frameworks";
			outputFileListPaths = (
				"${PODS_ROOT}/Target Support Files/Pods-UiWithCode/Pods-UiWithCode-frameworks-${CONFIGURATION}-output-files.xcfilelist",
			);
			runOnlyForDeploymentPostprocessing = 0;
			shellPath = /bin/sh;
			shellScript = "\"${PODS_ROOT}/Target Support Files/Pods-UiWithCode/Pods-UiWithCode-frameworks.sh\"\n";
			showEnvVarsInLog = 0;
		};
		FC8E5380D3169AFCA763227E /* [CP] Check Pods Manifest.lock */ = {
			isa = PBXShellScriptBuildPhase;
			buildActionMask = 2147483647;
			files = (
			);
			inputFileListPaths = (
			);
			inputPaths = (
				"${PODS_PODFILE_DIR_PATH}/Podfile.lock",
				"${PODS_ROOT}/Manifest.lock",
			);
			name = "[CP] Check Pods Manifest.lock";
			outputFileListPaths = (
			);
			outputPaths = (
				"$(DERIVED_FILE_DIR)/Pods-UiWithCode-checkManifestLockResult.txt",
			);
			runOnlyForDeploymentPostprocessing = 0;
			shellPath = /bin/sh;
			shellScript = "diff \"${PODS_PODFILE_DIR_PATH}/Podfile.lock\" \"${PODS_ROOT}/Manifest.lock\" > /dev/null\nif [ $? != 0 ] ; then\n    # print error to STDERR\n    echo \"error: The sandbox is not in sync with the Podfile.lock. Run 'pod install' or update your CocoaPods installation.\" >&2\n    exit 1\nfi\n# This output is used by Xcode 'outputs' to avoid re-running this script phase.\necho \"SUCCESS\" > \"${SCRIPT_OUTPUT_FILE_0}\"\n";
			showEnvVarsInLog = 0;
		};
/* End PBXShellScriptBuildPhase section */

/* Begin PBXSourcesBuildPhase section */
		4D058C2F29A75F4600DD96F1 /* Sources */ = {
			isa = PBXSourcesBuildPhase;
			buildActionMask = 2147483647;
			files = (
				4D962AC129AA1D5900E14782 /* MiddleTittle.swift in Sources */,
				4D962AC929AA8F6C00E14782 /* TexFieldView.swift in Sources */,
				4DEDCA2329ADCDEA009DEB77 /* MainTopView.swift in Sources */,
				4D058C3B29A75F4600DD96F1 /* FirstScreen.swift in Sources */,
				4D65052529AC7687003CFD55 /* MainScreen.swift in Sources */,
				4D962AC329AA295A00E14782 /* BottomLabel.swift in Sources */,
				4D962AC729AA896D00E14782 /* BottomButton.swift in Sources */,
				4DE6F0CB29A8AC21000F62F7 /* TopView.swift in Sources */,
				4D058C4B29A7697900DD96F1 /* RegistrationScreen.swift in Sources */,
				4DEDCA2129AD2B9A009DEB77 /* ErrorToast.swift in Sources */,
				4D962AC529AA372D00E14782 /* LoginScreen.swift in Sources */,
				4D058C3729A75F4600DD96F1 /* AppDelegate.swift in Sources */,
				4D058C3929A75F4600DD96F1 /* SceneDelegate.swift in Sources */,
			);
			runOnlyForDeploymentPostprocessing = 0;
		};
/* End PBXSourcesBuildPhase section */

/* Begin PBXVariantGroup section */
		4D058C4129A75F4600DD96F1 /* LaunchScreen.storyboard */ = {
			isa = PBXVariantGroup;
			children = (
				4D058C4229A75F4600DD96F1 /* Base */,
			);
			name = LaunchScreen.storyboard;
			sourceTree = "<group>";
		};
/* End PBXVariantGroup section */

/* Begin XCBuildConfiguration section */
		4D058C4529A75F4600DD96F1 /* Debug */ = {
			isa = XCBuildConfiguration;
			buildSettings = {
				ALWAYS_SEARCH_USER_PATHS = NO;
				CLANG_ANALYZER_NONNULL = YES;
				CLANG_ANALYZER_NUMBER_OBJECT_CONVERSION = YES_AGGRESSIVE;
				CLANG_CXX_LANGUAGE_STANDARD = "gnu++20";
				CLANG_ENABLE_MODULES = YES;
				CLANG_ENABLE_OBJC_ARC = YES;
				CLANG_ENABLE_OBJC_WEAK = YES;
				CLANG_WARN_BLOCK_CAPTURE_AUTORELEASING = YES;
				CLANG_WARN_BOOL_CONVERSION = YES;
				CLANG_WARN_COMMA = YES;
				CLANG_WARN_CONSTANT_CONVERSION = YES;
				CLANG_WARN_DEPRECATED_OBJC_IMPLEMENTATIONS = YES;
				CLANG_WARN_DIRECT_OBJC_ISA_USAGE = YES_ERROR;
				CLANG_WARN_DOCUMENTATION_COMMENTS = YES;
				CLANG_WARN_EMPTY_BODY = YES;
				CLANG_WARN_ENUM_CONVERSION = YES;
				CLANG_WARN_INFINITE_RECURSION = YES;
				CLANG_WARN_INT_CONVERSION = YES;
				CLANG_WARN_NON_LITERAL_NULL_CONVERSION = YES;
				CLANG_WARN_OBJC_IMPLICIT_RETAIN_SELF = YES;
				CLANG_WARN_OBJC_LITERAL_CONVERSION = YES;
				CLANG_WARN_OBJC_ROOT_CLASS = YES_ERROR;
				CLANG_WARN_QUOTED_INCLUDE_IN_FRAMEWORK_HEADER = YES;
				CLANG_WARN_RANGE_LOOP_ANALYSIS = YES;
				CLANG_WARN_STRICT_PROTOTYPES = YES;
				CLANG_WARN_SUSPICIOUS_MOVE = YES;
				CLANG_WARN_UNGUARDED_AVAILABILITY = YES_AGGRESSIVE;
				CLANG_WARN_UNREACHABLE_CODE = YES;
				CLANG_WARN__DUPLICATE_METHOD_MATCH = YES;
				COPY_PHASE_STRIP = NO;
				DEBUG_INFORMATION_FORMAT = dwarf;
				ENABLE_STRICT_OBJC_MSGSEND = YES;
				ENABLE_TESTABILITY = YES;
				GCC_C_LANGUAGE_STANDARD = gnu11;
				GCC_DYNAMIC_NO_PIC = NO;
				GCC_NO_COMMON_BLOCKS = YES;
				GCC_OPTIMIZATION_LEVEL = 0;
				GCC_PREPROCESSOR_DEFINITIONS = (
					"DEBUG=1",
					"$(inherited)",
				);
				GCC_WARN_64_TO_32_BIT_CONVERSION = YES;
				GCC_WARN_ABOUT_RETURN_TYPE = YES_ERROR;
				GCC_WARN_UNDECLARED_SELECTOR = YES;
				GCC_WARN_UNINITIALIZED_AUTOS = YES_AGGRESSIVE;
				GCC_WARN_UNUSED_FUNCTION = YES;
				GCC_WARN_UNUSED_VARIABLE = YES;
				IPHONEOS_DEPLOYMENT_TARGET = 16.1;
				MTL_ENABLE_DEBUG_INFO = INCLUDE_SOURCE;
				MTL_FAST_MATH = YES;
				ONLY_ACTIVE_ARCH = YES;
				SDKROOT = iphoneos;
				SWIFT_ACTIVE_COMPILATION_CONDITIONS = DEBUG;
				SWIFT_OPTIMIZATION_LEVEL = "-Onone";
			};
			name = Debug;
		};
		4D058C4629A75F4600DD96F1 /* Release */ = {
			isa = XCBuildConfiguration;
			buildSettings = {
				ALWAYS_SEARCH_USER_PATHS = NO;
				CLANG_ANALYZER_NONNULL = YES;
				CLANG_ANALYZER_NUMBER_OBJECT_CONVERSION = YES_AGGRESSIVE;
				CLANG_CXX_LANGUAGE_STANDARD = "gnu++20";
				CLANG_ENABLE_MODULES = YES;
				CLANG_ENABLE_OBJC_ARC = YES;
				CLANG_ENABLE_OBJC_WEAK = YES;
				CLANG_WARN_BLOCK_CAPTURE_AUTORELEASING = YES;
				CLANG_WARN_BOOL_CONVERSION = YES;
				CLANG_WARN_COMMA = YES;
				CLANG_WARN_CONSTANT_CONVERSION = YES;
				CLANG_WARN_DEPRECATED_OBJC_IMPLEMENTATIONS = YES;
				CLANG_WARN_DIRECT_OBJC_ISA_USAGE = YES_ERROR;
				CLANG_WARN_DOCUMENTATION_COMMENTS = YES;
				CLANG_WARN_EMPTY_BODY = YES;
				CLANG_WARN_ENUM_CONVERSION = YES;
				CLANG_WARN_INFINITE_RECURSION = YES;
				CLANG_WARN_INT_CONVERSION = YES;
				CLANG_WARN_NON_LITERAL_NULL_CONVERSION = YES;
				CLANG_WARN_OBJC_IMPLICIT_RETAIN_SELF = YES;
				CLANG_WARN_OBJC_LITERAL_CONVERSION = YES;
				CLANG_WARN_OBJC_ROOT_CLASS = YES_ERROR;
				CLANG_WARN_QUOTED_INCLUDE_IN_FRAMEWORK_HEADER = YES;
				CLANG_WARN_RANGE_LOOP_ANALYSIS = YES;
				CLANG_WARN_STRICT_PROTOTYPES = YES;
				CLANG_WARN_SUSPICIOUS_MOVE = YES;
				CLANG_WARN_UNGUARDED_AVAILABILITY = YES_AGGRESSIVE;
				CLANG_WARN_UNREACHABLE_CODE = YES;
				CLANG_WARN__DUPLICATE_METHOD_MATCH = YES;
				COPY_PHASE_STRIP = NO;
				DEBUG_INFORMATION_FORMAT = "dwarf-with-dsym";
				ENABLE_NS_ASSERTIONS = NO;
				ENABLE_STRICT_OBJC_MSGSEND = YES;
				GCC_C_LANGUAGE_STANDARD = gnu11;
				GCC_NO_COMMON_BLOCKS = YES;
				GCC_WARN_64_TO_32_BIT_CONVERSION = YES;
				GCC_WARN_ABOUT_RETURN_TYPE = YES_ERROR;
				GCC_WARN_UNDECLARED_SELECTOR = YES;
				GCC_WARN_UNINITIALIZED_AUTOS = YES_AGGRESSIVE;
				GCC_WARN_UNUSED_FUNCTION = YES;
				GCC_WARN_UNUSED_VARIABLE = YES;
				IPHONEOS_DEPLOYMENT_TARGET = 16.1;
				MTL_ENABLE_DEBUG_INFO = NO;
				MTL_FAST_MATH = YES;
				SDKROOT = iphoneos;
				SWIFT_COMPILATION_MODE = wholemodule;
				SWIFT_OPTIMIZATION_LEVEL = "-O";
				VALIDATE_PRODUCT = YES;
			};
			name = Release;
		};
		4D058C4829A75F4600DD96F1 /* Debug */ = {
			isa = XCBuildConfiguration;
			baseConfigurationReference = 3CC23719324163A9F95930D7 /* Pods-UiWithCode.debug.xcconfig */;
			buildSettings = {
				ASSETCATALOG_COMPILER_APPICON_NAME = AppIcon;
				ASSETCATALOG_COMPILER_GLOBAL_ACCENT_COLOR_NAME = AccentColor;
				CODE_SIGN_STYLE = Automatic;
				CURRENT_PROJECT_VERSION = 1;
				DEVELOPMENT_TEAM = R6CQQX3GNM;
				GENERATE_INFOPLIST_FILE = YES;
				INFOPLIST_FILE = UiWithCode/Info.plist;
				INFOPLIST_KEY_CFBundleDisplayName = TaxCulator;
				INFOPLIST_KEY_LSApplicationCategoryType = "";
				INFOPLIST_KEY_UIApplicationSupportsIndirectInputEvents = YES;
				INFOPLIST_KEY_UILaunchStoryboardName = LaunchScreen;
				INFOPLIST_KEY_UISupportedInterfaceOrientations = UIInterfaceOrientationPortrait;
				INFOPLIST_KEY_UISupportedInterfaceOrientations_iPad = UIInterfaceOrientationLandscapeLeft;
				IPHONEOS_DEPLOYMENT_TARGET = 16.0;
				LD_RUNPATH_SEARCH_PATHS = (
					"$(inherited)",
					"@executable_path/Frameworks",
				);
				MARKETING_VERSION = 1.0;
				PRODUCT_BUNDLE_IDENTIFIER = com.kuchumov.UiWithCode;
				PRODUCT_NAME = "$(TARGET_NAME)";
				SUPPORTED_PLATFORMS = "iphoneos iphonesimulator";
				SUPPORTS_MACCATALYST = NO;
				SUPPORTS_MAC_DESIGNED_FOR_IPHONE_IPAD = YES;
				SWIFT_EMIT_LOC_STRINGS = YES;
				SWIFT_VERSION = 5.0;
				TARGETED_DEVICE_FAMILY = 1;
			};
			name = Debug;
		};
		4D058C4929A75F4600DD96F1 /* Release */ = {
			isa = XCBuildConfiguration;
			baseConfigurationReference = 63ED49E16D2E836220A53884 /* Pods-UiWithCode.release.xcconfig */;
			buildSettings = {
				ASSETCATALOG_COMPILER_APPICON_NAME = AppIcon;
				ASSETCATALOG_COMPILER_GLOBAL_ACCENT_COLOR_NAME = AccentColor;
				CODE_SIGN_STYLE = Automatic;
				CURRENT_PROJECT_VERSION = 1;
				DEVELOPMENT_TEAM = R6CQQX3GNM;
				GENERATE_INFOPLIST_FILE = YES;
				INFOPLIST_FILE = UiWithCode/Info.plist;
				INFOPLIST_KEY_CFBundleDisplayName = TaxCulator;
				INFOPLIST_KEY_LSApplicationCategoryType = "";
				INFOPLIST_KEY_UIApplicationSupportsIndirectInputEvents = YES;
				INFOPLIST_KEY_UILaunchStoryboardName = LaunchScreen;
				INFOPLIST_KEY_UISupportedInterfaceOrientations = UIInterfaceOrientationPortrait;
				INFOPLIST_KEY_UISupportedInterfaceOrientations_iPad = UIInterfaceOrientationLandscapeLeft;
				IPHONEOS_DEPLOYMENT_TARGET = 16.0;
				LD_RUNPATH_SEARCH_PATHS = (
					"$(inherited)",
					"@executable_path/Frameworks",
				);
				MARKETING_VERSION = 1.0;
				PRODUCT_BUNDLE_IDENTIFIER = com.kuchumov.UiWithCode;
				PRODUCT_NAME = "$(TARGET_NAME)";
				SUPPORTED_PLATFORMS = "iphoneos iphonesimulator";
				SUPPORTS_MACCATALYST = NO;
				SUPPORTS_MAC_DESIGNED_FOR_IPHONE_IPAD = YES;
				SWIFT_EMIT_LOC_STRINGS = YES;
				SWIFT_VERSION = 5.0;
				TARGETED_DEVICE_FAMILY = 1;
			};
			name = Release;
		};
/* End XCBuildConfiguration section */

/* Begin XCConfigurationList section */
		4D058C2E29A75F4500DD96F1 /* Build configuration list for PBXProject "UiWithCode" */ = {
			isa = XCConfigurationList;
			buildConfigurations = (
				4D058C4529A75F4600DD96F1 /* Debug */,
				4D058C4629A75F4600DD96F1 /* Release */,
			);
			defaultConfigurationIsVisible = 0;
			defaultConfigurationName = Release;
		};
		4D058C4729A75F4600DD96F1 /* Build configuration list for PBXNativeTarget "UiWithCode" */ = {
			isa = XCConfigurationList;
			buildConfigurations = (
				4D058C4829A75F4600DD96F1 /* Debug */,
				4D058C4929A75F4600DD96F1 /* Release */,
			);
			defaultConfigurationIsVisible = 0;
			defaultConfigurationName = Release;
		};
/* End XCConfigurationList section */
	};
	rootObject = 4D058C2B29A75F4500DD96F1 /* Project object */;
}
